// !$*UTF8*$!
{
	archiveVersion = 1;
	classes = {
	};
	objectVersion = 77;
	objects = {

/* Begin PBXContainerItemProxy section */
		281CD2032D66CADC002B0621 /* PBXContainerItemProxy */ = {
			isa = PBXContainerItemProxy;
			containerPortal = 281CD1EA2D66CADB002B0621 /* Project object */;
			proxyType = 1;
			remoteGlobalIDString = 281CD1F12D66CADB002B0621;
			remoteInfo = "My-Recipes-Private";
		};
		281CD20D2D66CADC002B0621 /* PBXContainerItemProxy */ = {
			isa = PBXContainerItemProxy;
			containerPortal = 281CD1EA2D66CADB002B0621 /* Project object */;
			proxyType = 1;
			remoteGlobalIDString = 281CD1F12D66CADB002B0621;
			remoteInfo = "My-Recipes-Private";
		};
/* End PBXContainerItemProxy section */

/* Begin PBXFileReference section */
		281CD1F22D66CADB002B0621 /* My-Recipes-Private.app */ = {isa = PBXFileReference; explicitFileType = wrapper.application; includeInIndex = 0; path = "My-Recipes-Private.app"; sourceTree = BUILT_PRODUCTS_DIR; };
		281CD2022D66CADC002B0621 /* My-Recipes-PrivateTests.xctest */ = {isa = PBXFileReference; explicitFileType = wrapper.cfbundle; includeInIndex = 0; path = "My-Recipes-PrivateTests.xctest"; sourceTree = BUILT_PRODUCTS_DIR; };
		281CD20C2D66CADC002B0621 /* My-Recipes-PrivateUITests.xctest */ = {isa = PBXFileReference; explicitFileType = wrapper.cfbundle; includeInIndex = 0; path = "My-Recipes-PrivateUITests.xctest"; sourceTree = BUILT_PRODUCTS_DIR; };
/* End PBXFileReference section */

/* Begin PBXFileSystemSynchronizedBuildFileExceptionSet section */
		281CD2342D66E75B002B0621 /* Exceptions for "My-Recipes-Private" folder in "My-Recipes-Private" target */ = {
			isa = PBXFileSystemSynchronizedBuildFileExceptionSet;
			membershipExceptions = (
				Info.plist,
			);
			target = 281CD1F12D66CADB002B0621 /* My-Recipes-Private */;
		};
/* End PBXFileSystemSynchronizedBuildFileExceptionSet section */

/* Begin PBXFileSystemSynchronizedRootGroup section */
		281CD1F42D66CADB002B0621 /* My-Recipes-Private */ = {
			isa = PBXFileSystemSynchronizedRootGroup;
			exceptions = (
				281CD2342D66E75B002B0621 /* Exceptions for "My-Recipes-Private" folder in "My-Recipes-Private" target */,
			);
			path = "My-Recipes-Private";
			sourceTree = "<group>";
		};
		281CD2052D66CADC002B0621 /* My-Recipes-PrivateTests */ = {
			isa = PBXFileSystemSynchronizedRootGroup;
			path = "My-Recipes-PrivateTests";
			sourceTree = "<group>";
		};
/* End PBXFileSystemSynchronizedRootGroup section */

/* Begin PBXFrameworksBuildPhase section */
		281CD1EF2D66CADB002B0621 /* Frameworks */ = {
			isa = PBXFrameworksBuildPhase;
			buildActionMask = 2147483647;
			files = (
			);
			runOnlyForDeploymentPostprocessing = 0;
		};
		281CD1FF2D66CADC002B0621 /* Frameworks */ = {
			isa = PBXFrameworksBuildPhase;
			buildActionMask = 2147483647;
			files = (
			);
			runOnlyForDeploymentPostprocessing = 0;
		};
		281CD2092D66CADC002B0621 /* Frameworks */ = {
			isa = PBXFrameworksBuildPhase;
			buildActionMask = 2147483647;
			files = (
			);
			runOnlyForDeploymentPostprocessing = 0;
		};
/* End PBXFrameworksBuildPhase section */

/* Begin PBXGroup section */
		281CD1E92D66CADB002B0621 = {
			isa = PBXGroup;
			children = (
				281CD1F42D66CADB002B0621 /* My-Recipes-Private */,
				281CD2052D66CADC002B0621 /* My-Recipes-PrivateTests */,
				281CD1F32D66CADB002B0621 /* Products */,
			);
			sourceTree = "<group>";
		};
		281CD1F32D66CADB002B0621 /* Products */ = {
			isa = PBXGroup;
			children = (
				281CD1F22D66CADB002B0621 /* My-Recipes-Private.app */,
				281CD2022D66CADC002B0621 /* My-Recipes-PrivateTests.xctest */,
				281CD20C2D66CADC002B0621 /* My-Recipes-PrivateUITests.xctest */,
			);
			name = Products;
			sourceTree = "<group>";
		};
/* End PBXGroup section */

/* Begin PBXNativeTarget section */
		281CD1F12D66CADB002B0621 /* My-Recipes-Private */ = {
			isa = PBXNativeTarget;
			buildConfigurationList = 281CD2162D66CADC002B0621 /* Build configuration list for PBXNativeTarget "My-Recipes-Private" */;
			buildPhases = (
				281CD1EE2D66CADB002B0621 /* Sources */,
				281CD1EF2D66CADB002B0621 /* Frameworks */,
				281CD1F02D66CADB002B0621 /* Resources */,
			);
			buildRules = (
			);
			dependencies = (
			);
			fileSystemSynchronizedGroups = (
				281CD1F42D66CADB002B0621 /* My-Recipes-Private */,
			);
			name = "My-Recipes-Private";
			packageProductDependencies = (
			);
			productName = "My-Recipes-Private";
			productReference = 281CD1F22D66CADB002B0621 /* My-Recipes-Private.app */;
			productType = "com.apple.product-type.application";
		};
		281CD2012D66CADC002B0621 /* My-Recipes-PrivateTests */ = {
			isa = PBXNativeTarget;
			buildConfigurationList = 281CD2192D66CADC002B0621 /* Build configuration list for PBXNativeTarget "My-Recipes-PrivateTests" */;
			buildPhases = (
				281CD1FE2D66CADC002B0621 /* Sources */,
				281CD1FF2D66CADC002B0621 /* Frameworks */,
				281CD2002D66CADC002B0621 /* Resources */,
			);
			buildRules = (
			);
			dependencies = (
				281CD2042D66CADC002B0621 /* PBXTargetDependency */,
			);
			fileSystemSynchronizedGroups = (
				281CD2052D66CADC002B0621 /* My-Recipes-PrivateTests */,
			);
			name = "My-Recipes-PrivateTests";
			packageProductDependencies = (
			);
			productName = "My-Recipes-PrivateTests";
			productReference = 281CD2022D66CADC002B0621 /* My-Recipes-PrivateTests.xctest */;
			productType = "com.apple.product-type.bundle.unit-test";
		};
		281CD20B2D66CADC002B0621 /* My-Recipes-PrivateUITests */ = {
			isa = PBXNativeTarget;
			buildConfigurationList = 281CD21C2D66CADC002B0621 /* Build configuration list for PBXNativeTarget "My-Recipes-PrivateUITests" */;
			buildPhases = (
				281CD2082D66CADC002B0621 /* Sources */,
				281CD2092D66CADC002B0621 /* Frameworks */,
				281CD20A2D66CADC002B0621 /* Resources */,
			);
			buildRules = (
			);
			dependencies = (
				281CD20E2D66CADC002B0621 /* PBXTargetDependency */,
			);
			name = "My-Recipes-PrivateUITests";
			packageProductDependencies = (
			);
			productName = "My-Recipes-PrivateUITests";
			productReference = 281CD20C2D66CADC002B0621 /* My-Recipes-PrivateUITests.xctest */;
			productType = "com.apple.product-type.bundle.ui-testing";
		};
/* End PBXNativeTarget section */

/* Begin PBXProject section */
		281CD1EA2D66CADB002B0621 /* Project object */ = {
			isa = PBXProject;
			attributes = {
				BuildIndependentTargetsInParallel = 1;
				LastSwiftUpdateCheck = 1620;
				LastUpgradeCheck = 1620;
				TargetAttributes = {
					281CD1F12D66CADB002B0621 = {
						CreatedOnToolsVersion = 16.2;
					};
					281CD2012D66CADC002B0621 = {
						CreatedOnToolsVersion = 16.2;
						TestTargetID = 281CD1F12D66CADB002B0621;
					};
					281CD20B2D66CADC002B0621 = {
						CreatedOnToolsVersion = 16.2;
						TestTargetID = 281CD1F12D66CADB002B0621;
					};
				};
			};
			buildConfigurationList = 281CD1ED2D66CADB002B0621 /* Build configuration list for PBXProject "My-Recipes-Private" */;
			developmentRegion = en;
			hasScannedForEncodings = 0;
			knownRegions = (
				en,
				Base,
			);
			mainGroup = 281CD1E92D66CADB002B0621;
			minimizedProjectReferenceProxies = 1;
			preferredProjectObjectVersion = 77;
			productRefGroup = 281CD1F32D66CADB002B0621 /* Products */;
			projectDirPath = "";
			projectRoot = "";
			targets = (
				281CD1F12D66CADB002B0621 /* My-Recipes-Private */,
				281CD2012D66CADC002B0621 /* My-Recipes-PrivateTests */,
				281CD20B2D66CADC002B0621 /* My-Recipes-PrivateUITests */,
			);
		};
/* End PBXProject section */

/* Begin PBXResourcesBuildPhase section */
		281CD1F02D66CADB002B0621 /* Resources */ = {
			isa = PBXResourcesBuildPhase;
			buildActionMask = 2147483647;
			files = (
			);
			runOnlyForDeploymentPostprocessing = 0;
		};
		281CD2002D66CADC002B0621 /* Resources */ = {
			isa = PBXResourcesBuildPhase;
			buildActionMask = 2147483647;
			files = (
			);
			runOnlyForDeploymentPostprocessing = 0;
		};
		281CD20A2D66CADC002B0621 /* Resources */ = {
			isa = PBXResourcesBuildPhase;
			buildActionMask = 2147483647;
			files = (
			);
			runOnlyForDeploymentPostprocessing = 0;
		};
/* End PBXResourcesBuildPhase section */

/* Begin PBXSourcesBuildPhase section */
		281CD1EE2D66CADB002B0621 /* Sources */ = {
			isa = PBXSourcesBuildPhase;
			buildActionMask = 2147483647;
			files = (
			);
			runOnlyForDeploymentPostprocessing = 0;
		};
		281CD1FE2D66CADC002B0621 /* Sources */ = {
			isa = PBXSourcesBuildPhase;
			buildActionMask = 2147483647;
			files = (
			);
			runOnlyForDeploymentPostprocessing = 0;
		};
		281CD2082D66CADC002B0621 /* Sources */ = {
			isa = PBXSourcesBuildPhase;
			buildActionMask = 2147483647;
			files = (
			);
			runOnlyForDeploymentPostprocessing = 0;
		};
/* End PBXSourcesBuildPhase section */

/* Begin PBXTargetDependency section */
		281CD2042D66CADC002B0621 /* PBXTargetDependency */ = {
			isa = PBXTargetDependency;
			target = 281CD1F12D66CADB002B0621 /* My-Recipes-Private */;
			targetProxy = 281CD2032D66CADC002B0621 /* PBXContainerItemProxy */;
		};
		281CD20E2D66CADC002B0621 /* PBXTargetDependency */ = {
			isa = PBXTargetDependency;
			target = 281CD1F12D66CADB002B0621 /* My-Recipes-Private */;
			targetProxy = 281CD20D2D66CADC002B0621 /* PBXContainerItemProxy */;
		};
/* End PBXTargetDependency section */

/* Begin XCBuildConfiguration section */
		281CD2142D66CADC002B0621 /* Debug */ = {
			isa = XCBuildConfiguration;
			buildSettings = {
				ALWAYS_SEARCH_USER_PATHS = NO;
				ASSETCATALOG_COMPILER_GENERATE_SWIFT_ASSET_SYMBOL_EXTENSIONS = YES;
				CLANG_ANALYZER_NONNULL = YES;
				CLANG_ANALYZER_NUMBER_OBJECT_CONVERSION = YES_AGGRESSIVE;
				CLANG_CXX_LANGUAGE_STANDARD = "gnu++20";
				CLANG_ENABLE_MODULES = YES;
				CLANG_ENABLE_OBJC_ARC = YES;
				CLANG_ENABLE_OBJC_WEAK = YES;
				CLANG_WARN_BLOCK_CAPTURE_AUTORELEASING = YES;
				CLANG_WARN_BOOL_CONVERSION = YES;
				CLANG_WARN_COMMA = YES;
				CLANG_WARN_CONSTANT_CONVERSION = YES;
				CLANG_WARN_DEPRECATED_OBJC_IMPLEMENTATIONS = YES;
				CLANG_WARN_DIRECT_OBJC_ISA_USAGE = YES_ERROR;
				CLANG_WARN_DOCUMENTATION_COMMENTS = YES;
				CLANG_WARN_EMPTY_BODY = YES;
				CLANG_WARN_ENUM_CONVERSION = YES;
				CLANG_WARN_INFINITE_RECURSION = YES;
				CLANG_WARN_INT_CONVERSION = YES;
				CLANG_WARN_NON_LITERAL_NULL_CONVERSION = YES;
				CLANG_WARN_OBJC_IMPLICIT_RETAIN_SELF = YES;
				CLANG_WARN_OBJC_LITERAL_CONVERSION = YES;
				CLANG_WARN_OBJC_ROOT_CLASS = YES_ERROR;
				CLANG_WARN_QUOTED_INCLUDE_IN_FRAMEWORK_HEADER = YES;
				CLANG_WARN_RANGE_LOOP_ANALYSIS = YES;
				CLANG_WARN_STRICT_PROTOTYPES = YES;
				CLANG_WARN_SUSPICIOUS_MOVE = YES;
				CLANG_WARN_UNGUARDED_AVAILABILITY = YES_AGGRESSIVE;
				CLANG_WARN_UNREACHABLE_CODE = YES;
				CLANG_WARN__DUPLICATE_METHOD_MATCH = YES;
				COPY_PHASE_STRIP = NO;
				DEBUG_INFORMATION_FORMAT = dwarf;
				ENABLE_STRICT_OBJC_MSGSEND = YES;
				ENABLE_TESTABILITY = YES;
				ENABLE_USER_SCRIPT_SANDBOXING = YES;
				GCC_C_LANGUAGE_STANDARD = gnu17;
				GCC_DYNAMIC_NO_PIC = NO;
				GCC_NO_COMMON_BLOCKS = YES;
				GCC_OPTIMIZATION_LEVEL = 0;
				GCC_PREPROCESSOR_DEFINITIONS = (
					"DEBUG=1",
					"$(inherited)",
				);
				GCC_WARN_64_TO_32_BIT_CONVERSION = YES;
				GCC_WARN_ABOUT_RETURN_TYPE = YES_ERROR;
				GCC_WARN_UNDECLARED_SELECTOR = YES;
				GCC_WARN_UNINITIALIZED_AUTOS = YES_AGGRESSIVE;
				GCC_WARN_UNUSED_FUNCTION = YES;
				GCC_WARN_UNUSED_VARIABLE = YES;
				IPHONEOS_DEPLOYMENT_TARGET = 18.2;
				LOCALIZATION_PREFERS_STRING_CATALOGS = YES;
				MTL_ENABLE_DEBUG_INFO = INCLUDE_SOURCE;
				MTL_FAST_MATH = YES;
				ONLY_ACTIVE_ARCH = YES;
				SDKROOT = iphoneos;
				SWIFT_ACTIVE_COMPILATION_CONDITIONS = "DEBUG $(inherited)";
				SWIFT_OPTIMIZATION_LEVEL = "-Onone";
			};
			name = Debug;
		};
		281CD2152D66CADC002B0621 /* Release */ = {
			isa = XCBuildConfiguration;
			buildSettings = {
				ALWAYS_SEARCH_USER_PATHS = NO;
				ASSETCATALOG_COMPILER_GENERATE_SWIFT_ASSET_SYMBOL_EXTENSIONS = YES;
				CLANG_ANALYZER_NONNULL = YES;
				CLANG_ANALYZER_NUMBER_OBJECT_CONVERSION = YES_AGGRESSIVE;
				CLANG_CXX_LANGUAGE_STANDARD = "gnu++20";
				CLANG_ENABLE_MODULES = YES;
				CLANG_ENABLE_OBJC_ARC = YES;
				CLANG_ENABLE_OBJC_WEAK = YES;
				CLANG_WARN_BLOCK_CAPTURE_AUTORELEASING = YES;
				CLANG_WARN_BOOL_CONVERSION = YES;
				CLANG_WARN_COMMA = YES;
				CLANG_WARN_CONSTANT_CONVERSION = YES;
				CLANG_WARN_DEPRECATED_OBJC_IMPLEMENTATIONS = YES;
				CLANG_WARN_DIRECT_OBJC_ISA_USAGE = YES_ERROR;
				CLANG_WARN_DOCUMENTATION_COMMENTS = YES;
				CLANG_WARN_EMPTY_BODY = YES;
				CLANG_WARN_ENUM_CONVERSION = YES;
				CLANG_WARN_INFINITE_RECURSION = YES;
				CLANG_WARN_INT_CONVERSION = YES;
				CLANG_WARN_NON_LITERAL_NULL_CONVERSION = YES;
				CLANG_WARN_OBJC_IMPLICIT_RETAIN_SELF = YES;
				CLANG_WARN_OBJC_LITERAL_CONVERSION = YES;
				CLANG_WARN_OBJC_ROOT_CLASS = YES_ERROR;
				CLANG_WARN_QUOTED_INCLUDE_IN_FRAMEWORK_HEADER = YES;
				CLANG_WARN_RANGE_LOOP_ANALYSIS = YES;
				CLANG_WARN_STRICT_PROTOTYPES = YES;
				CLANG_WARN_SUSPICIOUS_MOVE = YES;
				CLANG_WARN_UNGUARDED_AVAILABILITY = YES_AGGRESSIVE;
				CLANG_WARN_UNREACHABLE_CODE = YES;
				CLANG_WARN__DUPLICATE_METHOD_MATCH = YES;
				COPY_PHASE_STRIP = NO;
				DEBUG_INFORMATION_FORMAT = "dwarf-with-dsym";
				ENABLE_NS_ASSERTIONS = NO;
				ENABLE_STRICT_OBJC_MSGSEND = YES;
				ENABLE_USER_SCRIPT_SANDBOXING = YES;
				GCC_C_LANGUAGE_STANDARD = gnu17;
				GCC_NO_COMMON_BLOCKS = YES;
				GCC_WARN_64_TO_32_BIT_CONVERSION = YES;
				GCC_WARN_ABOUT_RETURN_TYPE = YES_ERROR;
				GCC_WARN_UNDECLARED_SELECTOR = YES;
				GCC_WARN_UNINITIALIZED_AUTOS = YES_AGGRESSIVE;
				GCC_WARN_UNUSED_FUNCTION = YES;
				GCC_WARN_UNUSED_VARIABLE = YES;
				IPHONEOS_DEPLOYMENT_TARGET = 18.2;
				LOCALIZATION_PREFERS_STRING_CATALOGS = YES;
				MTL_ENABLE_DEBUG_INFO = NO;
				MTL_FAST_MATH = YES;
				SDKROOT = iphoneos;
				SWIFT_COMPILATION_MODE = wholemodule;
				VALIDATE_PRODUCT = YES;
			};
			name = Release;
		};
		281CD2172D66CADC002B0621 /* Debug */ = {
			isa = XCBuildConfiguration;
			buildSettings = {
				ASSETCATALOG_COMPILER_APPICON_NAME = AppIcon;
				ASSETCATALOG_COMPILER_GLOBAL_ACCENT_COLOR_NAME = AccentColor;
				CODE_SIGN_STYLE = Automatic;
				CURRENT_PROJECT_VERSION = 1;
				DEVELOPMENT_ASSET_PATHS = "\"My-Recipes-Private/Preview Content\"";
				DEVELOPMENT_TEAM = QQK2763276;
				ENABLE_PREVIEWS = YES;
				GENERATE_INFOPLIST_FILE = YES;
				INFOPLIST_FILE = "My-Recipes-Private/Info.plist";
				INFOPLIST_KEY_UIApplicationSceneManifest_Generation = YES;
				INFOPLIST_KEY_UIApplicationSupportsIndirectInputEvents = YES;
				INFOPLIST_KEY_UILaunchScreen_Generation = YES;
				INFOPLIST_KEY_UISupportedInterfaceOrientations = UIInterfaceOrientationPortrait;
				IPHONEOS_DEPLOYMENT_TARGET = 16;
				LD_RUNPATH_SEARCH_PATHS = (
					"$(inherited)",
					"@executable_path/Frameworks",
				);
				MARKETING_VERSION = 1.0;
				OTHER_SWIFT_FLAGS = "\"-DDEBUG\"";
				PRODUCT_BUNDLE_IDENTIFIER = "umbra.My-Recipes-Private";
				PRODUCT_NAME = "$(TARGET_NAME)";
				SUPPORTED_PLATFORMS = "iphoneos iphonesimulator";
				SUPPORTS_MACCATALYST = NO;
				SUPPORTS_MAC_DESIGNED_FOR_IPHONE_IPAD = NO;
				SUPPORTS_XR_DESIGNED_FOR_IPHONE_IPAD = NO;
				SWIFT_EMIT_LOC_STRINGS = YES;
				SWIFT_VERSION = 5.0;
				TARGETED_DEVICE_FAMILY = "1,2";
			};
			name = Debug;
		};
		281CD2182D66CADC002B0621 /* Release */ = {
			isa = XCBuildConfiguration;
			buildSettings = {
				ASSETCATALOG_COMPILER_APPICON_NAME = AppIcon;
				ASSETCATALOG_COMPILER_GLOBAL_ACCENT_COLOR_NAME = AccentColor;
				CODE_SIGN_STYLE = Automatic;
				CURRENT_PROJECT_VERSION = 1;
				DEVELOPMENT_ASSET_PATHS = "\"My-Recipes-Private/Preview Content\"";
				DEVELOPMENT_TEAM = QQK2763276;
				ENABLE_PREVIEWS = YES;
				GENERATE_INFOPLIST_FILE = YES;
				INFOPLIST_FILE = "My-Recipes-Private/Info.plist";
				INFOPLIST_KEY_UIApplicationSceneManifest_Generation = YES;
				INFOPLIST_KEY_UIApplicationSupportsIndirectInputEvents = YES;
				INFOPLIST_KEY_UILaunchScreen_Generation = YES;
				INFOPLIST_KEY_UISupportedInterfaceOrientations = UIInterfaceOrientationPortrait;
				IPHONEOS_DEPLOYMENT_TARGET = 16;
				LD_RUNPATH_SEARCH_PATHS = (
					"$(inherited)",
					"@executable_path/Frameworks",
				);
				MARKETING_VERSION = 1.0;
				PRODUCT_BUNDLE_IDENTIFIER = "umbra.My-Recipes-Private";
				PRODUCT_NAME = "$(TARGET_NAME)";
				SUPPORTED_PLATFORMS = "iphoneos iphonesimulator";
				SUPPORTS_MACCATALYST = NO;
				SUPPORTS_MAC_DESIGNED_FOR_IPHONE_IPAD = NO;
				SUPPORTS_XR_DESIGNED_FOR_IPHONE_IPAD = NO;
				SWIFT_EMIT_LOC_STRINGS = YES;
				SWIFT_VERSION = 5.0;
				TARGETED_DEVICE_FAMILY = "1,2";
			};
			name = Release;
		};
		281CD21A2D66CADC002B0621 /* Debug */ = {
			isa = XCBuildConfiguration;
			buildSettings = {
				BUNDLE_LOADER = "$(TEST_HOST)";
				CODE_SIGN_STYLE = Automatic;
				CURRENT_PROJECT_VERSION = 1;
				DEVELOPMENT_TEAM = QQK2763276;
				GENERATE_INFOPLIST_FILE = YES;
				IPHONEOS_DEPLOYMENT_TARGET = 18.2;
				MARKETING_VERSION = 1.0;
				PRODUCT_BUNDLE_IDENTIFIER = "umbra.My-Recipes-PrivateTests";
				PRODUCT_NAME = "$(TARGET_NAME)";
				SWIFT_EMIT_LOC_STRINGS = NO;
				SWIFT_VERSION = 5.0;
				TARGETED_DEVICE_FAMILY = "1,2";
				TEST_HOST = "$(BUILT_PRODUCTS_DIR)/My-Recipes-Private.app/$(BUNDLE_EXECUTABLE_FOLDER_PATH)/My-Recipes-Private";
			};
			name = Debug;
		};
		281CD21B2D66CADC002B0621 /* Release */ = {
			isa = XCBuildConfiguration;
			buildSettings = {
				BUNDLE_LOADER = "$(TEST_HOST)";
				CODE_SIGN_STYLE = Automatic;
				CURRENT_PROJECT_VERSION = 1;
				DEVELOPMENT_TEAM = QQK2763276;
				GENERATE_INFOPLIST_FILE = YES;
				IPHONEOS_DEPLOYMENT_TARGET = 18.2;
				MARKETING_VERSION = 1.0;
				PRODUCT_BUNDLE_IDENTIFIER = "umbra.My-Recipes-PrivateTests";
				PRODUCT_NAME = "$(TARGET_NAME)";
				SWIFT_EMIT_LOC_STRINGS = NO;
				SWIFT_VERSION = 5.0;
				TARGETED_DEVICE_FAMILY = "1,2";
				TEST_HOST = "$(BUILT_PRODUCTS_DIR)/My-Recipes-Private.app/$(BUNDLE_EXECUTABLE_FOLDER_PATH)/My-Recipes-Private";
			};
			name = Release;
		};
		281CD21D2D66CADC002B0621 /* Debug */ = {
			isa = XCBuildConfiguration;
			buildSettings = {
				CODE_SIGN_STYLE = Automatic;
				CURRENT_PROJECT_VERSION = 1;
				DEVELOPMENT_TEAM = QQK2763276;
				GENERATE_INFOPLIST_FILE = YES;
				MARKETING_VERSION = 1.0;
				PRODUCT_BUNDLE_IDENTIFIER = "umbra.My-Recipes-PrivateUITests";
				PRODUCT_NAME = "$(TARGET_NAME)";
				SWIFT_EMIT_LOC_STRINGS = NO;
				SWIFT_VERSION = 5.0;
				TARGETED_DEVICE_FAMILY = "1,2";
				TEST_TARGET_NAME = "My-Recipes-Private";
			};
			name = Debug;
		};
		281CD21E2D66CADC002B0621 /* Release */ = {
			isa = XCBuildConfiguration;
			buildSettings = {
				CODE_SIGN_STYLE = Automatic;
				CURRENT_PROJECT_VERSION = 1;
				DEVELOPMENT_TEAM = QQK2763276;
				GENERATE_INFOPLIST_FILE = YES;
				MARKETING_VERSION = 1.0;
				PRODUCT_BUNDLE_IDENTIFIER = "umbra.My-Recipes-PrivateUITests";
				PRODUCT_NAME = "$(TARGET_NAME)";
				SWIFT_EMIT_LOC_STRINGS = NO;
				SWIFT_VERSION = 5.0;
				TARGETED_DEVICE_FAMILY = "1,2";
				TEST_TARGET_NAME = "My-Recipes-Private";
			};
			name = Release;
		};
/* End XCBuildConfiguration section */

/* Begin XCConfigurationList section */
		281CD1ED2D66CADB002B0621 /* Build configuration list for PBXProject "My-Recipes-Private" */ = {
			isa = XCConfigurationList;
			buildConfigurations = (
				281CD2142D66CADC002B0621 /* Debug */,
				281CD2152D66CADC002B0621 /* Release */,
			);
			defaultConfigurationIsVisible = 0;
			defaultConfigurationName = Release;
		};
		281CD2162D66CADC002B0621 /* Build configuration list for PBXNativeTarget "My-Recipes-Private" */ = {
			isa = XCConfigurationList;
			buildConfigurations = (
				281CD2172D66CADC002B0621 /* Debug */,
				281CD2182D66CADC002B0621 /* Release */,
			);
			defaultConfigurationIsVisible = 0;
			defaultConfigurationName = Release;
		};
		281CD2192D66CADC002B0621 /* Build configuration list for PBXNativeTarget "My-Recipes-PrivateTests" */ = {
			isa = XCConfigurationList;
			buildConfigurations = (
				281CD21A2D66CADC002B0621 /* Debug */,
				281CD21B2D66CADC002B0621 /* Release */,
			);
			defaultConfigurationIsVisible = 0;
			defaultConfigurationName = Release;
		};
		281CD21C2D66CADC002B0621 /* Build configuration list for PBXNativeTarget "My-Recipes-PrivateUITests" */ = {
			isa = XCConfigurationList;
			buildConfigurations = (
				281CD21D2D66CADC002B0621 /* Debug */,
				281CD21E2D66CADC002B0621 /* Release */,
			);
			defaultConfigurationIsVisible = 0;
			defaultConfigurationName = Release;
		};
/* End XCConfigurationList section */
	};
	rootObject = 281CD1EA2D66CADB002B0621 /* Project object */;
}
